{
  "version": "1.0.0",
  "lockfileVersion": 1,
  "packages": {
    "@prpm/creating-claude-hooks-skill#claude": {
      "version": "1.0.0",
      "resolved": "https://registry.prpm.dev/api/v1/packages/%40prpm%2Fcreating-claude-hooks-skill/1.0.0.tar.gz",
      "integrity": "sha256-2d10ad7a10204009d73b34172a9f54e5ad0858c76581a9f9579ee0e194f94505",
      "format": "claude",
      "subtype": "skill",
      "sourceFormat": "claude",
      "sourceSubtype": "skill",
      "installedPath": ".claude/skills/creating-claude-hooks-skill/SKILL.md"
    },
    "@prpm/creating-skills-skill#claude": {
      "version": "1.0.4",
      "resolved": "https://registry.prpm.dev/api/v1/packages/%40prpm%2Fcreating-skills-skill/1.0.4.tar.gz",
      "integrity": "sha256-845d12bda6e5b37ed3177e2a867f57319327704b2206d58643d8e06cecb64241",
      "format": "claude",
      "subtype": "skill",
      "sourceFormat": "claude",
      "sourceSubtype": "skill",
      "installedPath": ".claude/skills/creating-skills-skill/SKILL.md"
    },
    "@prpm/prpm-json-best-practices-skill#claude": {
      "version": "1.2.0",
      "resolved": "https://registry.prpm.dev/api/v1/packages/%40prpm%2Fprpm-json-best-practices-skill/1.2.0.tar.gz",
      "integrity": "sha256-13f5c9204ef0db4cd37ef2339fa9cc5743de993c73244230760e73612476d826",
      "format": "claude",
      "subtype": "skill",
      "sourceFormat": "claude",
      "sourceSubtype": "skill",
      "installedPath": ".claude/skills/prpm-json-best-practices-skill"
    },
    "@prpm/creating-claude-rules-skill#claude": {
      "version": "1.0.0",
      "resolved": "https://registry.prpm.dev/api/v1/packages/%40prpm%2Fcreating-claude-rules-skill/1.0.0.tar.gz",
      "integrity": "sha256-5d348d29c6e9abe5b1f0328a3868094b47dddc60192fc6b8f0a364797ce62878",
      "format": "claude",
      "subtype": "skill",
      "sourceFormat": "claude",
      "sourceSubtype": "skill",
      "installedPath": ".claude/skills/creating-claude-rules-skill/SKILL.md"
    },
    "@prpm/creating-claude-agents-skill#claude": {
      "version": "1.0.0",
      "resolved": "https://registry.prpm.dev/api/v1/packages/%40prpm%2Fcreating-claude-agents-skill/1.0.0.tar.gz",
      "integrity": "sha256-d1aca9da6acab91815edf1012c94936e151b9aad77adf8ab0e7fedad8b6b8fef",
      "format": "claude",
      "subtype": "skill",
      "sourceFormat": "claude",
      "sourceSubtype": "skill",
      "installedPath": ".claude/skills/creating-claude-agents-skill/SKILL.md"
    },
    "@my-senior-dev/implementing-command-palettes#claude": {
      "version": "1.0.0",
      "resolved": "https://registry.prpm.dev/api/v1/packages/%40my-senior-dev%2Fimplementing-command-palettes/1.0.0.tar.gz",
      "integrity": "sha256-3f3a75beab22156810ca7a1d57311c71c79e5b5368f02032b43e84912c0e9d85",
      "format": "claude",
      "subtype": "skill",
      "sourceFormat": "claude",
      "sourceSubtype": "skill",
      "installedPath": ".claude/skills/implementing-command-palettes/SKILL.md"
    },
    "@agent-workforce/trail-snippet#agents.md": {
      "version": "1.0.0",
      "resolved": "https://registry.prpm.dev/api/v1/packages/%40agent-workforce%2Ftrail-snippet/1.0.0.tar.gz",
      "integrity": "sha256-3b39b2befbd2a832296efe84f23c6a22eb047486974f5cb780a93b461e27720e",
      "format": "agents.md",
      "subtype": "snippet",
      "sourceFormat": "generic",
      "sourceSubtype": "snippet",
      "installedPath": "AGENTS.md",
      "snippetMetadata": {
        "targetPath": "AGENTS.md",
        "config": {
          "target": "AGENTS.md",
          "position": "append"
        }
      }
    },
    "@my-senior-dev/github-oauth-nango-integration#claude": {
      "version": "1.0.0",
      "resolved": "https://registry.prpm.dev/api/v1/packages/%40my-senior-dev%2Fgithub-oauth-nango-integration/1.0.0.tar.gz",
      "integrity": "sha256-71a1a37a07f18a475f6aa21b68a0ca785ebb3b86547ac9140ddf4e6cdda57b2f",
      "format": "claude",
      "subtype": "skill",
      "sourceFormat": "claude",
      "sourceSubtype": "skill",
      "installedPath": ".claude/skills/github-oauth-nango-integration/SKILL.md"
    },
    "@my-senior-dev/browser-testing-with-screenshots#claude": {
      "version": "1.0.0",
      "resolved": "https://registry.prpm.dev/api/v1/packages/%40my-senior-dev%2Fbrowser-testing-with-screenshots/1.0.0.tar.gz",
      "integrity": "sha256-d0443e43bc37284cbe81003649536ffa961bc672cb38c83696d6786c75d5a334",
      "format": "claude",
      "subtype": "skill",
      "sourceFormat": "claude",
      "sourceSubtype": "skill",
      "installedPath": ".claude/skills/browser-testing-with-screenshots/SKILL.md"
    },
    "@agent-workforce/trail-snippet#agents.md:AGENTS.md": {
      "version": "1.1.2",
      "resolved": "https://registry.prpm.dev/api/v1/packages/%40agent-workforce%2Ftrail-snippet/1.1.2.tar.gz",
      "integrity": "sha256-36f0490e6afffb8e6793f06119d4dd2058d7b0e23d65ead2adce9a8010da0bf0",
      "format": "agents.md",
      "subtype": "snippet",
      "sourceFormat": "generic",
      "sourceSubtype": "snippet",
      "installedPath": "AGENTS.md",
      "snippetMetadata": {
        "targetPath": "AGENTS.md",
        "config": {
          "target": "AGENTS.md",
          "position": "append"
        }
      }
    },
    "@prpm/creating-agent-skills-skill#codex": {
      "version": "1.0.0",
      "resolved": "https://registry.prpm.dev/api/v1/packages/%40prpm%2Fcreating-agent-skills-skill/1.0.0.tar.gz",
      "integrity": "sha256-0d80deb1fe8860d7da2b3eb9bcab8db3cf7437c1306ff61dacc92eb4987337d5",
      "format": "codex",
      "subtype": "skill",
      "sourceFormat": "claude",
      "sourceSubtype": "skill",
      "installedPath": ".agents/skills/creating-agent-skills-skill/SKILL.md"
    },
    "@agent-relay/choosing-swarm-patterns#claude": {
      "version": "1.1.3",
      "resolved": "https://registry.prpm.dev/api/v1/packages/%40agent-relay%2Fchoosing-swarm-patterns/1.1.3.tar.gz",
      "integrity": "sha256-dda87add4ded4c5e81b50af06c80af1a20e43b9437c310cb652674d341828ef5",
      "format": "claude",
      "subtype": "skill",
      "sourceFormat": "claude",
      "sourceSubtype": "skill",
      "installedPath": ".claude/skills/choosing-swarm-patterns/SKILL.md"
    },
    "@agent-relay/writing-agent-relay-workflows#claude": {
      "version": "1.6.12",
      "resolved": "https://registry.prpm.dev/api/v1/packages/%40agent-relay%2Fwriting-agent-relay-workflows/1.6.12.tar.gz",
      "integrity": "sha256-9ec9d6aa33b3b22ba1717c607eadcc662032b92a82cc1d5838e1c2e162ec954d",
      "format": "claude",
      "subtype": "skill",
      "sourceFormat": "claude",
      "sourceSubtype": "skill",
      "installedPath": ".claude/skills/writing-agent-relay-workflows/SKILL.md"
    },
    "@agent-relay/using-agent-relay#claude": {
      "version": "1.3.0",
      "resolved": "https://registry.prpm.dev/api/v1/packages/%40agent-relay%2Fusing-agent-relay/1.3.0.tar.gz",
      "integrity": "sha256-a9b61e07ed815cf0762d59333d274d1695d66b44eca24606b0f715fd37110ea2",
      "format": "claude",
      "subtype": "skill",
      "sourceFormat": "claude",
      "sourceSubtype": "skill",
      "installedPath": ".claude/skills/using-agent-relay/SKILL.md"
    },
    "@agent-relay/choosing-swarm-patterns#codex": {
      "version": "1.1.3",
      "resolved": "https://registry.prpm.dev/api/v1/packages/%40agent-relay%2Fchoosing-swarm-patterns/1.1.3.tar.gz",
      "integrity": "sha256-dda87add4ded4c5e81b50af06c80af1a20e43b9437c310cb652674d341828ef5",
      "format": "codex",
      "subtype": "skill",
      "sourceFormat": "claude",
      "sourceSubtype": "skill",
      "installedPath": ".agents/skills/choosing-swarm-patterns/SKILL.md"
    },
    "@agent-relay/writing-agent-relay-workflows#codex": {
      "version": "1.6.12",
      "resolved": "https://registry.prpm.dev/api/v1/packages/%40agent-relay%2Fwriting-agent-relay-workflows/1.6.12.tar.gz",
      "integrity": "sha256-9ec9d6aa33b3b22ba1717c607eadcc662032b92a82cc1d5838e1c2e162ec954d",
      "format": "codex",
      "subtype": "skill",
      "sourceFormat": "claude",
      "sourceSubtype": "skill",
      "installedPath": ".agents/skills/writing-agent-relay-workflows/SKILL.md"
    },
    "@agent-relay/using-agent-relay#codex": {
      "version": "1.3.0",
      "resolved": "https://registry.prpm.dev/api/v1/packages/%40agent-relay%2Fusing-agent-relay/1.3.0.tar.gz",
      "integrity": "sha256-a9b61e07ed815cf0762d59333d274d1695d66b44eca24606b0f715fd37110ea2",
      "format": "codex",
      "subtype": "skill",
      "sourceFormat": "claude",
      "sourceSubtype": "skill",
      "installedPath": ".agents/skills/using-agent-relay/SKILL.md"
    },
    "@agent-relay/relay-80-100-workflow#claude": {
      "version": "1.0.7",
      "resolved": "https://registry.prpm.dev/api/v1/packages/%40agent-relay%2Frelay-80-100-workflow/1.0.7.tar.gz",
      "integrity": "sha256-a49614637062803ff8b83c987c610ed292983fb7326e7374659f37aa702af8fc",
      "format": "claude",
      "subtype": "skill",
      "sourceFormat": "claude",
      "sourceSubtype": "skill",
      "installedPath": ".claude/skills/relay-80-100-workflow/SKILL.md"
    },
    "@agent-relay/relay-80-100-workflow#codex": {
      "version": "1.0.7",
      "resolved": "https://registry.prpm.dev/api/v1/packages/%40agent-relay%2Frelay-80-100-workflow/1.0.7.tar.gz",
      "integrity": "sha256-a49614637062803ff8b83c987c610ed292983fb7326e7374659f37aa702af8fc",
      "format": "codex",
      "subtype": "skill",
      "sourceFormat": "claude",
      "sourceSubtype": "skill",
      "installedPath": ".agents/skills/relay-80-100-workflow/SKILL.md"
    },
    "@agent-relay/setting-up-relayfile#claude": {
      "version": "1.1.0",
      "resolved": "https://registry.prpm.dev/api/v1/packages/%40agent-relay%2Fsetting-up-relayfile/1.1.0.tar.gz",
      "integrity": "sha256-10b1affc602c7f3fa2aa3b71f5118d5361a5c37102d95515efc47ff2b7c12b4c",
      "format": "claude",
      "subtype": "skill",
      "sourceFormat": "claude",
      "sourceSubtype": "skill",
      "installedPath": ".claude/skills/setting-up-relayfile/SKILL.md"
    },
    "@agent-relay/setting-up-relayfile#codex": {
      "version": "1.1.0",
      "resolved": "https://registry.prpm.dev/api/v1/packages/%40agent-relay%2Fsetting-up-relayfile/1.1.0.tar.gz",
      "integrity": "sha256-10b1affc602c7f3fa2aa3b71f5118d5361a5c37102d95515efc47ff2b7c12b4c",
      "format": "codex",
      "subtype": "skill",
      "sourceFormat": "claude",
      "sourceSubtype": "skill",
      "installedPath": ".agents/skills/setting-up-relayfile/SKILL.md"
    },
    "@agent-relay/orchestrating-agent-relay#claude": {
      "version": "2.0.0",
      "resolved": "https://registry.prpm.dev/api/v1/packages/%40agent-relay%2Forchestrating-agent-relay/2.0.0.tar.gz",
      "integrity": "sha256-0f342da69c4720145b5447ddda75d5463c344c5954c87c93c1a70e2111152b0a",
      "format": "claude",
      "subtype": "skill",
      "sourceFormat": "claude",
      "sourceSubtype": "skill",
      "installedPath": ".claude/skills/orchestrating-agent-relay/SKILL.md"
    },
    "@agent-relay/orchestrating-agent-relay#codex": {
      "version": "2.0.0",
      "resolved": "https://registry.prpm.dev/api/v1/packages/%40agent-relay%2Forchestrating-agent-relay/2.0.0.tar.gz",
      "integrity": "sha256-0f342da69c4720145b5447ddda75d5463c344c5954c87c93c1a70e2111152b0a",
      "format": "codex",
      "subtype": "skill",
      "sourceFormat": "claude",
      "sourceSubtype": "skill",
      "installedPath": ".agents/skills/orchestrating-agent-relay/SKILL.md"
    },
    "@agent-relay/review-fix-signoff-loop#claude": {
      "version": "1.0.2",
      "resolved": "https://registry.prpm.dev/api/v1/packages/%40agent-relay%2Freview-fix-signoff-loop/1.0.2.tar.gz",
      "integrity": "sha256-dd62d56f52a5de91bc2758865cf9966ec102dff672cfa5219a8db432e723f09f",
      "format": "claude",
      "subtype": "skill",
      "sourceFormat": "claude",
      "sourceSubtype": "skill",
      "installedPath": ".claude/skills/review-fix-signoff-loop/SKILL.md"
    },
    "@agent-relay/review-fix-signoff-loop#codex": {
      "version": "1.0.2",
      "resolved": "https://registry.prpm.dev/api/v1/packages/%40agent-relay%2Freview-fix-signoff-loop/1.0.2.tar.gz",
      "integrity": "sha256-dd62d56f52a5de91bc2758865cf9966ec102dff672cfa5219a8db432e723f09f",
      "format": "codex",
      "subtype": "skill",
      "sourceFormat": "claude",
      "sourceSubtype": "skill",
      "installedPath": ".agents/skills/review-fix-signoff-loop/SKILL.md"
    }
  },
  "generated": "2026-05-19T08:11:52.408Z"
}